{
  "name": "logger",
  "version": "1.0.0",
  "lockfileVersion": 1,
  "requires": true,
  "dependencies": {
    "objects": {
      "version": "git+https://github.com/ExpressiveJS/objects.git#f674ca9423f26ffc0353e4457c0bf665cc2cdb8b",
      "from": "git+https://github.com/ExpressiveJS/objects.git"
    }
  }
}
