{
  "name": "@expressivejs/logger",
  "version": "1.0.0",
  "lockfileVersion": 1,
  "requires": true,
  "dependencies": {
    "@expressivejs/objects": {
      "version": "1.0.0",
      "resolved": "https://registry.npmjs.org/@expressivejs/objects/-/objects-1.0.0.tgz",
      "integrity": "sha512-kul+mSQXJHgITqyeK7Ad1WfNDqpbqG3/3GjWnunTt6medbtLa1PXuNgpqYK2FRxH0M7x9WxRF0HOjXHrVkebyQ=="
    }
  }
}
